
Microsoft Visual Studio Solution File, Format Version 12.00
# Visual Studio Version 17
VisualStudioVersion = 17.11.35303.130
MinimumVisualStudioVersion = 10.0.40219.1
Project("{FAE04EC0-301F-11D3-BF4B-00C04F79EFBC}") = "Movies", "Peliculas\Movies.csproj", "{92A3CAD5-43E3-4999-AA0A-532CF5F701B6}"
EndProject
Project("{FAE04EC0-301F-11D3-BF4B-00C04F79EFBC}") = "ML", "DatosPeliculas\ML.csproj", "{1DE6D8DB-3150-4226-9F09-8A657584C2CD}"
EndProject
Global
	GlobalSection(SolutionConfigurationPlatforms) = preSolution
		Debug|Any CPU = Debug|Any CPU
		Release|Any CPU = Release|Any CPU
	EndGlobalSection
	GlobalSection(ProjectConfigurationPlatforms) = postSolution
		{92A3CAD5-43E3-4999-AA0A-532CF5F701B6}.Debug|Any CPU.ActiveCfg = Debug|Any CPU
		{92A3CAD5-43E3-4999-AA0A-532CF5F701B6}.Debug|Any CPU.Build.0 = Debug|Any CPU
		{92A3CAD5-43E3-4999-AA0A-532CF5F701B6}.Release|Any CPU.ActiveCfg = Release|Any CPU
		{92A3CAD5-43E3-4999-AA0A-532CF5F701B6}.Release|Any CPU.Build.0 = Release|Any CPU
		{1DE6D8DB-3150-4226-9F09-8A657584C2CD}.Debug|Any CPU.ActiveCfg = Debug|Any CPU
		{1DE6D8DB-3150-4226-9F09-8A657584C2CD}.Debug|Any CPU.Build.0 = Debug|Any CPU
		{1DE6D8DB-3150-4226-9F09-8A657584C2CD}.Release|Any CPU.ActiveCfg = Release|Any CPU
		{1DE6D8DB-3150-4226-9F09-8A657584C2CD}.Release|Any CPU.Build.0 = Release|Any CPU
	EndGlobalSection
	GlobalSection(SolutionProperties) = preSolution
		HideSolutionNode = FALSE
	EndGlobalSection
	GlobalSection(ExtensibilityGlobals) = postSolution
		SolutionGuid = {1A63B521-45FB-4E6D-A8F1-0747E58BE2F1}
	EndGlobalSection
EndGlobal
